
Microsoft Visual Studio Solution File, Format Version 12.00
# Visual Studio Version 17
VisualStudioVersion = 17.7.34018.315
MinimumVisualStudioVersion = 10.0.40219.1
Project("{9A19103F-16F7-4668-BE54-9A1E7A4F7556}") = "WpfAppTest", "WpfAppTest\WpfAppTest.csproj", "{080608BD-AE62-499C-8DC6-EE873902BD10}"
EndProject
Project("{2150E333-8FDC-42A3-9474-1A3956D46DE8}") = "Solution Items", "Solution Items", "{37E68EA8-6D9D-46CA-8AB8-A5B105B4C2FA}"
	ProjectSection(SolutionItems) = preProject
		..\..\..\Downloads\Character.png = ..\..\..\Downloads\Character.png
		..\..\..\Downloads\reggaemusic.mp3 = ..\..\..\Downloads\reggaemusic.mp3
	EndProjectSection
EndProject
Project("{FAE04EC0-301F-11D3-BF4B-00C04F79EFBC}") = "PacManTestYes", "PacManTestYes\PacManTestYes.csproj", "{2F7EDC1C-C90A-496B-A617-3FB4D199A51D}"
EndProject
Project("{FAE04EC0-301F-11D3-BF4B-00C04F79EFBC}") = "TestProject1", "TestProject1\TestProject1.csproj", "{BBC9E458-BA04-41F2-B3B1-3975B68BF6B9}"
EndProject
Global
	GlobalSection(SolutionConfigurationPlatforms) = preSolution
		Debug|Any CPU = Debug|Any CPU
		Debug|ARM = Debug|ARM
		Debug|ARM64 = Debug|ARM64
		Debug|x64 = Debug|x64
		Debug|x86 = Debug|x86
		Release|Any CPU = Release|Any CPU
		Release|ARM = Release|ARM
		Release|ARM64 = Release|ARM64
		Release|x64 = Release|x64
		Release|x86 = Release|x86
	EndGlobalSection
	GlobalSection(ProjectConfigurationPlatforms) = postSolution
		{080608BD-AE62-499C-8DC6-EE873902BD10}.Debug|Any CPU.ActiveCfg = Debug|Any CPU
		{080608BD-AE62-499C-8DC6-EE873902BD10}.Debug|Any CPU.Build.0 = Debug|Any CPU
		{080608BD-AE62-499C-8DC6-EE873902BD10}.Debug|ARM.ActiveCfg = Debug|Any CPU
		{080608BD-AE62-499C-8DC6-EE873902BD10}.Debug|ARM.Build.0 = Debug|Any CPU
		{080608BD-AE62-499C-8DC6-EE873902BD10}.Debug|ARM64.ActiveCfg = Debug|Any CPU
		{080608BD-AE62-499C-8DC6-EE873902BD10}.Debug|ARM64.Build.0 = Debug|Any CPU
		{080608BD-AE62-499C-8DC6-EE873902BD10}.Debug|x64.ActiveCfg = Debug|Any CPU
		{080608BD-AE62-499C-8DC6-EE873902BD10}.Debug|x64.Build.0 = Debug|Any CPU
		{080608BD-AE62-499C-8DC6-EE873902BD10}.Debug|x86.ActiveCfg = Debug|Any CPU
		{080608BD-AE62-499C-8DC6-EE873902BD10}.Debug|x86.Build.0 = Debug|Any CPU
		{080608BD-AE62-499C-8DC6-EE873902BD10}.Release|Any CPU.ActiveCfg = Release|Any CPU
		{080608BD-AE62-499C-8DC6-EE873902BD10}.Release|Any CPU.Build.0 = Release|Any CPU
		{080608BD-AE62-499C-8DC6-EE873902BD10}.Release|ARM.ActiveCfg = Release|Any CPU
		{080608BD-AE62-499C-8DC6-EE873902BD10}.Release|ARM.Build.0 = Release|Any CPU
		{080608BD-AE62-499C-8DC6-EE873902BD10}.Release|ARM64.ActiveCfg = Release|Any CPU
		{080608BD-AE62-499C-8DC6-EE873902BD10}.Release|ARM64.Build.0 = Release|Any CPU
		{080608BD-AE62-499C-8DC6-EE873902BD10}.Release|x64.ActiveCfg = Release|Any CPU
		{080608BD-AE62-499C-8DC6-EE873902BD10}.Release|x64.Build.0 = Release|Any CPU
		{080608BD-AE62-499C-8DC6-EE873902BD10}.Release|x86.ActiveCfg = Release|Any CPU
		{080608BD-AE62-499C-8DC6-EE873902BD10}.Release|x86.Build.0 = Release|Any CPU
		{2F7EDC1C-C90A-496B-A617-3FB4D199A51D}.Debug|Any CPU.ActiveCfg = Debug|x64
		{2F7EDC1C-C90A-496B-A617-3FB4D199A51D}.Debug|Any CPU.Build.0 = Debug|x64
		{2F7EDC1C-C90A-496B-A617-3FB4D199A51D}.Debug|Any CPU.Deploy.0 = Debug|x64
		{2F7EDC1C-C90A-496B-A617-3FB4D199A51D}.Debug|ARM.ActiveCfg = Debug|ARM
		{2F7EDC1C-C90A-496B-A617-3FB4D199A51D}.Debug|ARM.Build.0 = Debug|ARM
		{2F7EDC1C-C90A-496B-A617-3FB4D199A51D}.Debug|ARM.Deploy.0 = Debug|ARM
		{2F7EDC1C-C90A-496B-A617-3FB4D199A51D}.Debug|ARM64.ActiveCfg = Debug|ARM64
		{2F7EDC1C-C90A-496B-A617-3FB4D199A51D}.Debug|ARM64.Build.0 = Debug|ARM64
		{2F7EDC1C-C90A-496B-A617-3FB4D199A51D}.Debug|ARM64.Deploy.0 = Debug|ARM64
		{2F7EDC1C-C90A-496B-A617-3FB4D199A51D}.Debug|x64.ActiveCfg = Debug|x64
		{2F7EDC1C-C90A-496B-A617-3FB4D199A51D}.Debug|x64.Build.0 = Debug|x64
		{2F7EDC1C-C90A-496B-A617-3FB4D199A51D}.Debug|x64.Deploy.0 = Debug|x64
		{2F7EDC1C-C90A-496B-A617-3FB4D199A51D}.Debug|x86.ActiveCfg = Debug|x86
		{2F7EDC1C-C90A-496B-A617-3FB4D199A51D}.Debug|x86.Build.0 = Debug|x86
		{2F7EDC1C-C90A-496B-A617-3FB4D199A51D}.Debug|x86.Deploy.0 = Debug|x86
		{2F7EDC1C-C90A-496B-A617-3FB4D199A51D}.Release|Any CPU.ActiveCfg = Release|x64
		{2F7EDC1C-C90A-496B-A617-3FB4D199A51D}.Release|Any CPU.Build.0 = Release|x64
		{2F7EDC1C-C90A-496B-A617-3FB4D199A51D}.Release|Any CPU.Deploy.0 = Release|x64
		{2F7EDC1C-C90A-496B-A617-3FB4D199A51D}.Release|ARM.ActiveCfg = Release|ARM
		{2F7EDC1C-C90A-496B-A617-3FB4D199A51D}.Release|ARM.Build.0 = Release|ARM
		{2F7EDC1C-C90A-496B-A617-3FB4D199A51D}.Release|ARM.Deploy.0 = Release|ARM
		{2F7EDC1C-C90A-496B-A617-3FB4D199A51D}.Release|ARM64.ActiveCfg = Release|ARM64
		{2F7EDC1C-C90A-496B-A617-3FB4D199A51D}.Release|ARM64.Build.0 = Release|ARM64
		{2F7EDC1C-C90A-496B-A617-3FB4D199A51D}.Release|ARM64.Deploy.0 = Release|ARM64
		{2F7EDC1C-C90A-496B-A617-3FB4D199A51D}.Release|x64.ActiveCfg = Release|x64
		{2F7EDC1C-C90A-496B-A617-3FB4D199A51D}.Release|x64.Build.0 = Release|x64
		{2F7EDC1C-C90A-496B-A617-3FB4D199A51D}.Release|x64.Deploy.0 = Release|x64
		{2F7EDC1C-C90A-496B-A617-3FB4D199A51D}.Release|x86.ActiveCfg = Release|x86
		{2F7EDC1C-C90A-496B-A617-3FB4D199A51D}.Release|x86.Build.0 = Release|x86
		{2F7EDC1C-C90A-496B-A617-3FB4D199A51D}.Release|x86.Deploy.0 = Release|x86
		{BBC9E458-BA04-41F2-B3B1-3975B68BF6B9}.Debug|Any CPU.ActiveCfg = Debug|Any CPU
		{BBC9E458-BA04-41F2-B3B1-3975B68BF6B9}.Debug|Any CPU.Build.0 = Debug|Any CPU
		{BBC9E458-BA04-41F2-B3B1-3975B68BF6B9}.Debug|ARM.ActiveCfg = Debug|Any CPU
		{BBC9E458-BA04-41F2-B3B1-3975B68BF6B9}.Debug|ARM.Build.0 = Debug|Any CPU
		{BBC9E458-BA04-41F2-B3B1-3975B68BF6B9}.Debug|ARM64.ActiveCfg = Debug|Any CPU
		{BBC9E458-BA04-41F2-B3B1-3975B68BF6B9}.Debug|ARM64.Build.0 = Debug|Any CPU
		{BBC9E458-BA04-41F2-B3B1-3975B68BF6B9}.Debug|x64.ActiveCfg = Debug|Any CPU
		{BBC9E458-BA04-41F2-B3B1-3975B68BF6B9}.Debug|x64.Build.0 = Debug|Any CPU
		{BBC9E458-BA04-41F2-B3B1-3975B68BF6B9}.Debug|x86.ActiveCfg = Debug|Any CPU
		{BBC9E458-BA04-41F2-B3B1-3975B68BF6B9}.Debug|x86.Build.0 = Debug|Any CPU
		{BBC9E458-BA04-41F2-B3B1-3975B68BF6B9}.Release|Any CPU.ActiveCfg = Release|Any CPU
		{BBC9E458-BA04-41F2-B3B1-3975B68BF6B9}.Release|Any CPU.Build.0 = Release|Any CPU
		{BBC9E458-BA04-41F2-B3B1-3975B68BF6B9}.Release|ARM.ActiveCfg = Release|Any CPU
		{BBC9E458-BA04-41F2-B3B1-3975B68BF6B9}.Release|ARM.Build.0 = Release|Any CPU
		{BBC9E458-BA04-41F2-B3B1-3975B68BF6B9}.Release|ARM64.ActiveCfg = Release|Any CPU
		{BBC9E458-BA04-41F2-B3B1-3975B68BF6B9}.Release|ARM64.Build.0 = Release|Any CPU
		{BBC9E458-BA04-41F2-B3B1-3975B68BF6B9}.Release|x64.ActiveCfg = Release|Any CPU
		{BBC9E458-BA04-41F2-B3B1-3975B68BF6B9}.Release|x64.Build.0 = Release|Any CPU
		{BBC9E458-BA04-41F2-B3B1-3975B68BF6B9}.Release|x86.ActiveCfg = Release|Any CPU
		{BBC9E458-BA04-41F2-B3B1-3975B68BF6B9}.Release|x86.Build.0 = Release|Any CPU
	EndGlobalSection
	GlobalSection(SolutionProperties) = preSolution
		HideSolutionNode = FALSE
	EndGlobalSection
	GlobalSection(ExtensibilityGlobals) = postSolution
		SolutionGuid = {59255EFC-4FEC-4D67-A1E3-6A1864E6D8E8}
	EndGlobalSection
EndGlobal
